lockfileVersion: '9.0'

settings:
  autoInstallPeers: true
  excludeLinksFromLockfile: false

importers:

  .:
    dependencies:
      '@brillout/picocolors':
        specifier: ^1.0.12
        version: 1.0.12
      commander:
        specifier: ^11.1.0
        version: 11.1.0
      conventional-changelog:
        specifier: ^7.0.2
        version: 7.0.2(conventional-commits-filter@5.0.0)
      execa:
        specifier: ^5.1.1
        version: 5.1.1
      semver:
        specifier: ^7.5.4
        version: 7.5.4
    devDependencies:
      '@biomejs/biome':
        specifier: ^1.5.3
        version: 1.7.0
      '@brillout/release-me':
        specifier: link:./
        version: 'link:'
      '@types/conventional-changelog':
        specifier: ^3.1.3
        version: 3.1.3
      '@types/node':
        specifier: ^20.8.5
        version: 20.8.5
      '@types/semver':
        specifier: ^7.5.3
        version: 7.5.3
      prettier:
        specifier: ^2.8.7
        version: 2.8.8
      typescript:
        specifier: ^5.4.5
        version: 5.4.5

packages:

  '@biomejs/biome@1.7.0':
    resolution: {integrity: sha512-mejiRhnAq6UrXtYvjWJUKdstcT58n0/FfKemFf3d2Ou0HxOdS88HQmWtQ/UgyZvOEPD572YbFTb6IheyROpqkw==}
    engines: {node: '>=14.21.3'}
    hasBin: true

  '@biomejs/cli-darwin-arm64@1.7.0':
    resolution: {integrity: sha512-12TaeaKHU4SAZt0fQJ2bYk1jUb4foope7LmgDE5p3c0uMxd3mFkg1k7G721T+K6UHYULcSOQDsNNM8DhYi8Irg==}
    engines: {node: '>=14.21.3'}
    cpu: [arm64]
    os: [darwin]

  '@biomejs/cli-darwin-x64@1.7.0':
    resolution: {integrity: sha512-6Qq1BSIB0cpp0cQNqO/+EiUV7FE3jMpF6w7+AgIBXp0oJxUWb2Ff0RDZdO9bfzkimXD58j0vGpNHMGnCcjDV2Q==}
    engines: {node: '>=14.21.3'}
    cpu: [x64]
    os: [darwin]

  '@biomejs/cli-linux-arm64-musl@1.7.0':
    resolution: {integrity: sha512-pwIY80nU7SAxrVVZ6HD9ah1pruwh9ZqlSR0Nvbg4ZJqQa0POhiB+RJx7+/1Ml2mTZdrl8kb/YiwQpD16uwb5wg==}
    engines: {node: '>=14.21.3'}
    cpu: [arm64]
    os: [linux]

  '@biomejs/cli-linux-arm64@1.7.0':
    resolution: {integrity: sha512-GwSci7xBJ2j1CrdDXDUVXnUtrvypEz/xmiYPpFeVdlX5p95eXx+7FekPPbJfhGGw5WKSsKZ+V8AAlbN+kUwJWw==}
    engines: {node: '>=14.21.3'}
    cpu: [arm64]
    os: [linux]

  '@biomejs/cli-linux-x64-musl@1.7.0':
    resolution: {integrity: sha512-KzCA0mW4LSbCd7XZWaEJvTOTTBjfJoVEXkfq1fsXxww1HB+ww5PGMbhbIcbYCsj2CTJUifeD5hOkyuBVppU1xQ==}
    engines: {node: '>=14.21.3'}
    cpu: [x64]
    os: [linux]

  '@biomejs/cli-linux-x64@1.7.0':
    resolution: {integrity: sha512-1y+odKQsyHcw0JCGRuqhbx7Y6jxOVSh4lGIVDdJxW1b55yD22DY1kcMEfhUte6f95OIc2uqfkwtiI6xQAiZJdw==}
    engines: {node: '>=14.21.3'}
    cpu: [x64]
    os: [linux]

  '@biomejs/cli-win32-arm64@1.7.0':
    resolution: {integrity: sha512-AvLDUYZBpOUFgS/mni4VruIoVV3uSGbKSkZQBPXsHgL0w4KttLll3NBrVanmWxOHsom6C6ocHLyfAY8HUc8TXg==}
    engines: {node: '>=14.21.3'}
    cpu: [arm64]
    os: [win32]

  '@biomejs/cli-win32-x64@1.7.0':
    resolution: {integrity: sha512-Pylm00BAAuLVb40IH9PC17432BTsY8K4pSUvhvgR1eaalnMaD6ug9SYJTTzKDbT6r24MPAGCTiSZERyhGkGzFQ==}
    engines: {node: '>=14.21.3'}
    cpu: [x64]
    os: [win32]

  '@brillout/picocolors@1.0.12':
    resolution: {integrity: sha512-2gowgbpAqEQz4U1D/dh3tU2fKcRm+yt724d8YTbCsVHxnLTHWP2J5RMO1iTWcoViX7rTmLvPkHHlYtEiKP4gLA==}

  '@conventional-changelog/git-client@2.3.0':
    resolution: {integrity: sha512-QMDUPg9jMnclFoQL/YwLhdvDK+El3SPBiB6B9gqXQk283lWLw9qb4y4DPNZWMHaIeB6Xkx4CD7AEgnCxihWgng==}
    engines: {node: '>=18'}
    peerDependencies:
      conventional-commits-filter: ^5.0.0
      conventional-commits-parser: ^6.1.0
    peerDependenciesMeta:
      conventional-commits-filter:
        optional: true
      conventional-commits-parser:
        optional: true

  '@types/conventional-changelog-core@4.2.1':
    resolution: {integrity: sha512-XdQKXrWvHYvnhuXal4JcvIh3sn9LpcER/WjWDDQHh0yz3/yt0r8TvE5AyJwX6xL9BwJRpE1Ce+A0Hj16nsfI6w==}

  '@types/conventional-changelog-writer@4.0.1':
    resolution: {integrity: sha512-S7lJJByPMkkocMWnDKOtkSLi9yXu619+GhGejPnCiNK1Dgwjf5jjzBxXYgMv47tBG8MokmCCV1sWhI53lFl6FA==}

  '@types/conventional-changelog@3.1.3':
    resolution: {integrity: sha512-QlI0mf3cuG43DMIoCU0BouLhpPYF/N3qRrtluW9Y7beVgaQ9IwwiNtDfVr7tEtBR8CAPLhplsI205WvNtRxfAA==}

  '@types/conventional-commits-parser@3.0.2':
    resolution: {integrity: sha512-1kVPUHFaart1iGRFxKn8WNXYEDVAgMb+DLatgql2dGg9jTGf3bNxWtN//C/tDG3ckOLg4u7SSx+qcn8VjzI5zg==}

  '@types/conventional-recommended-bump@6.1.0':
    resolution: {integrity: sha512-AlhJsbzY2W+9xkn44qvEgeJGY6FbQIluPRZawwU2JgJw+o7PYB/yjeuRsJhNZRKto3j71hDj+hQik10w/7bI4Q==}

  '@types/git-raw-commits@2.0.1':
    resolution: {integrity: sha512-vE2lbXxqJ0AqMDoP4N6d+WVfbcBla9+z8IL6e+37JNQIwYZCYY0z3J7hdpY8D/VGwFZ0yIYQLcqk8eCnfXsaEg==}

  '@types/node@20.8.5':
    resolution: {integrity: sha512-SPlobFgbidfIeOYlzXiEjSYeIJiOCthv+9tSQVpvk4PAdIIc+2SmjNVzWXk9t0Y7dl73Zdf+OgXKHX9XtkqUpw==}

  '@types/normalize-package-data@2.4.1':
    resolution: {integrity: sha512-Gj7cI7z+98M282Tqmp2K5EIsoouUEzbBJhQQzDE3jSIRk6r9gsz0oUokqIUR4u1R3dMHo0pDHM7sNOHyhulypw==}

  '@types/normalize-package-data@2.4.4':
    resolution: {integrity: sha512-37i+OaWTh9qeK4LSHPsyRC7NahnGotNuZvjLSgcPzblpHB3rrCJxAOgI5gCdKm7coonsaX1Of0ILiTcnZjbfxA==}

  '@types/semver@7.5.3':
    resolution: {integrity: sha512-OxepLK9EuNEIPxWNME+C6WwbRAOOI2o2BaQEGzz5Lu2e4Z5eDnEo+/aVEDMIXywoJitJ7xWd641wrGLZdtwRyw==}

  commander@11.1.0:
    resolution: {integrity: sha512-yPVavfyCcRhmorC7rWlkHn15b4wDVgVmBA7kV4QVBsF7kv/9TKJAbAXVTxvTnwP8HHKjRCJDClKbciiYS7p0DQ==}
    engines: {node: '>=16'}

  conventional-changelog-preset-loader@5.0.0:
    resolution: {integrity: sha512-SetDSntXLk8Jh1NOAl1Gu5uLiCNSYenB5tm0YVeZKePRIgDW9lQImromTwLa3c/Gae298tsgOM+/CYT9XAl0NA==}
    engines: {node: '>=18'}

  conventional-changelog-writer@8.1.0:
    resolution: {integrity: sha512-dpC440QnORNCO81XYuRRFOLCsjKj4W7tMkUIn3lR6F/FAaJcWLi7iCj6IcEvSQY2zw6VUgwUKd5DEHKEWrpmEQ==}
    engines: {node: '>=18'}
    hasBin: true

  conventional-changelog@7.0.2:
    resolution: {integrity: sha512-dz38xbKg2Nzd2zoPY1PXPq7skbN1tdx402OkcirIE44LetmoWODmt4h/6AwtQb6+ZHjbmMfW6Jxt4dyGt5P8cw==}
    engines: {node: '>=18'}
    hasBin: true

  conventional-commits-filter@5.0.0:
    resolution: {integrity: sha512-tQMagCOC59EVgNZcC5zl7XqO30Wki9i9J3acbUvkaosCT6JX3EeFwJD7Qqp4MCikRnzS18WXV3BLIQ66ytu6+Q==}
    engines: {node: '>=18'}

  conventional-commits-parser@6.1.0:
    resolution: {integrity: sha512-5nxDo7TwKB5InYBl4ZC//1g9GRwB/F3TXOGR9hgUjMGfvSP4Vu5NkpNro2+1+TIEy1vwxApl5ircECr2ri5JIw==}
    engines: {node: '>=18'}
    hasBin: true

  cross-spawn@7.0.3:
    resolution: {integrity: sha512-iRDPJKUPVEND7dHPO8rkbOnPpyDygcDFtWjpeWNCgy8WP2rXcxXL8TskReQl6OrB2G7+UJrags1q15Fudc7G6w==}
    engines: {node: '>= 8'}

  execa@5.1.1:
    resolution: {integrity: sha512-8uSpZZocAZRBAPIEINJj3Lo9HyGitllczc27Eh5YYojjMFMn8yHMDMaUHE2Jqfq05D/wucwI4JGURyXt1vchyg==}
    engines: {node: '>=10'}

  fd-package-json@1.2.0:
    resolution: {integrity: sha512-45LSPmWf+gC5tdCQMNH4s9Sr00bIkiD9aN7dc5hqkrEw1geRYyDQS1v1oMHAW3ysfxfndqGsrDREHHjNNbKUfA==}

  get-stream@6.0.1:
    resolution: {integrity: sha512-ts6Wi+2j3jQjqi70w5AlN8DFnkSwC+MqmxEzdEALB2qXZYV3X/b1CTfgPLGJNMeAWxdPfU8FO1ms3NUfaHCPYg==}
    engines: {node: '>=10'}

  handlebars@4.7.7:
    resolution: {integrity: sha512-aAcXm5OAfE/8IXkcZvCepKU3VzW1/39Fb5ZuqMtgI/hT8X2YgoMvBY5dLhq/cpOvw7Lk1nK/UF71aLG/ZnVYRA==}
    engines: {node: '>=0.4.7'}
    hasBin: true

  hosted-git-info@8.1.0:
    resolution: {integrity: sha512-Rw/B2DNQaPBICNXEm8balFz9a6WpZrkCGpcWFpy7nCj+NyhSdqXipmfvtmWt9xGfp0wZnBxB+iVpLmQMYt47Tw==}
    engines: {node: ^18.17.0 || >=20.5.0}

  human-signals@2.1.0:
    resolution: {integrity: sha512-B4FFZ6q/T2jhhksgkbEW3HBvWIfDW85snkQgawt07S7J5QXTk6BkNV+0yAeZrM5QpMAdYlocGoljn0sJ/WQkFw==}
    engines: {node: '>=10.17.0'}

  is-stream@2.0.1:
    resolution: {integrity: sha512-hFoiJiTl63nn+kstHGBtewWSKnQLpyb155KHheA1l39uvtO9nWIop1p3udqPcUd/xbF1VLMO4n7OI6p7RbngDg==}
    engines: {node: '>=8'}

  isexe@2.0.0:
    resolution: {integrity: sha512-RHxMLp9lnKHGHRng9QFhRCMbYAcVpn69smSGcq3f36xjgVVWThj4qqLbTLlq7Ssj8B+fIQ1EuCEGI2lKsyQeIw==}

  lru-cache@10.0.1:
    resolution: {integrity: sha512-IJ4uwUTi2qCccrioU6g9g/5rvvVl13bsdczUUcqbciD9iLr095yj8DQKdObriEvuNSx325N1rV1O0sJFszx75g==}
    engines: {node: 14 || >=16.14}

  lru-cache@6.0.0:
    resolution: {integrity: sha512-Jo6dJ04CmSjuznwJSS3pUeWmd/H0ffTlkXXgwZi+eq1UCmqQwCh+eLsYOYCwY991i2Fah4h1BEMCx4qThGbsiA==}
    engines: {node: '>=10'}

  meow@13.2.0:
    resolution: {integrity: sha512-pxQJQzB6djGPXh08dacEloMFopsOqGVRKFPYvPOt9XDZ1HasbgDZA74CJGreSU4G3Ak7EFJGoiH2auq+yXISgA==}
    engines: {node: '>=18'}

  merge-stream@2.0.0:
    resolution: {integrity: sha512-abv/qOcuPfk3URPfDzmZU1LKmuw8kT+0nIHvKrKgFrwifol/doWcdA4ZqsWQ8ENrFKkd67Mfpo/LovbIUsbt3w==}

  mimic-fn@2.1.0:
    resolution: {integrity: sha512-OqbOk5oEQeAZ8WXWydlu9HJjz9WVdEIvamMCcXmuqUYjTknH/sqsWvhQ3vgwKFRR1HpjvNBKQ37nbJgYzGqGcg==}
    engines: {node: '>=6'}

  minimist@1.2.6:
    resolution: {integrity: sha512-Jsjnk4bw3YJqYzbdyBiNsPWHPfO++UGG749Cxs6peCu5Xg4nrena6OVxOYxrQTqww0Jmwt+Ref8rggumkTLz9Q==}

  neo-async@2.6.2:
    resolution: {integrity: sha512-Yd3UES5mWCSqR+qNT93S3UoYUkqAZ9lLg8a7g9rimsWmYGK8cVToA4/sF3RrshdyV3sAGMXVUmpMYOw+dLpOuw==}

  normalize-package-data@7.0.0:
    resolution: {integrity: sha512-k6U0gKRIuNCTkwHGZqblCfLfBRh+w1vI6tBo+IeJwq2M8FUiOqhX7GH+GArQGScA7azd1WfyRCvxoXDO3hQDIA==}
    engines: {node: ^18.17.0 || >=20.5.0}

  npm-run-path@4.0.1:
    resolution: {integrity: sha512-S48WzZW777zhNIrn7gxOlISNAqi9ZC/uQFnRdbeIHhZhCA6UqpkOT8T1G7BvfdgP4Er8gF4sUbaS0i7QvIfCWw==}
    engines: {node: '>=8'}

  onetime@5.1.2:
    resolution: {integrity: sha512-kbpaSSGJTWdAY5KPVeMOKXSrPtr8C8C7wodJbcsd51jRnmD+GZu8Y0VoU6Dm5Z4vWr0Ig/1NKuWRKf7j5aaYSg==}
    engines: {node: '>=6'}

  path-key@3.1.1:
    resolution: {integrity: sha512-ojmeN0qd+y0jszEtoY48r0Peq5dwMEkIlCOu6Q5f41lfkswXuKtYrhgoTpLnyIcHm24Uhqx+5Tqm2InSwLhE6Q==}
    engines: {node: '>=8'}

  prettier@2.8.8:
    resolution: {integrity: sha512-tdN8qQGvNjw4CHbY+XXk0JgCXn9QiF21a55rBe5LJAU+kDyC4WQn4+awm2Xfk2lQMk5fKup9XgzTZtGkjBdP9Q==}
    engines: {node: '>=10.13.0'}
    hasBin: true

  semver@7.5.4:
    resolution: {integrity: sha512-1bCSESV6Pv+i21Hvpxp3Dx+pSD8lIPt8uVjRrxAUt/nbswYc+tK6Y2btiULjd4+fnq15PX+nqQDC7Oft7WkwcA==}
    engines: {node: '>=10'}
    hasBin: true

  shebang-command@2.0.0:
    resolution: {integrity: sha512-kHxr2zZpYtdmrN1qDjrrX/Z1rR1kG8Dx+gkpK1G4eXmvXswmcE1hTWBWYUzlraYw1/yZp6YuDY77YtvbN0dmDA==}
    engines: {node: '>=8'}

  shebang-regex@3.0.0:
    resolution: {integrity: sha512-7++dFhtcx3353uBaq8DDR4NuxBetBzC7ZQOhmTQInHEd6bSrXdiEyzCvG07Z44UYdLShWUyXt5M/yhz8ekcb1A==}
    engines: {node: '>=8'}

  signal-exit@3.0.7:
    resolution: {integrity: sha512-wnD2ZE+l+SPC/uoS0vXeE9L1+0wuaMqKlfz9AMUo38JsyLSBWSFcHR1Rri62LZc12vLr1gb3jl7iwQhgwpAbGQ==}

  source-map@0.6.1:
    resolution: {integrity: sha512-UjgapumWlbMhkBgzT7Ykc5YXUT46F0iKu8SGXq0bcwP5dz/h0Plj6enJqjz1Zbq2l5WaqYnrVbwWOWMyF3F47g==}
    engines: {node: '>=0.10.0'}

  spdx-correct@3.1.1:
    resolution: {integrity: sha512-cOYcUWwhCuHCXi49RhFRCyJEK3iPj1Ziz9DpViV3tbZOwXD49QzIN3MpOLJNxh2qwq2lJJZaKMVw9qNi4jTC0w==}

  spdx-exceptions@2.3.0:
    resolution: {integrity: sha512-/tTrYOC7PPI1nUAgx34hUpqXuyJG+DTHJTnIULG4rDygi4xu/tfgmq1e1cIRwRzwZgo4NLySi+ricLkZkw4i5A==}

  spdx-expression-parse@3.0.1:
    resolution: {integrity: sha512-cbqHunsQWnJNE6KhVSMsMeH5H/L9EpymbzqTQ3uLwNCLZ1Q481oWaofqH7nO6V07xlXwY6PhQdQ2IedWx/ZK4Q==}

  spdx-license-ids@3.0.12:
    resolution: {integrity: sha512-rr+VVSXtRhO4OHbXUiAF7xW3Bo9DuuF6C5jH+q/x15j2jniycgKbxU09Hr0WqlSLUs4i4ltHGXqTe7VHclYWyA==}

  strip-final-newline@2.0.0:
    resolution: {integrity: sha512-BrpvfNAE3dcvq7ll3xVumzjKjZQ5tI1sEUIKr3Uoks0XUl45St3FlatVqef9prk4jRDzhW6WZg+3bk93y6pLjA==}
    engines: {node: '>=6'}

  typescript@5.4.5:
    resolution: {integrity: sha512-vcI4UpRgg81oIRUFwR0WSIHKt11nJ7SAVlYNIu+QpqeyXP+gpQJy/Z4+F0aGxSE4MqwjyXvW/TzgkLAx2AGHwQ==}
    engines: {node: '>=14.17'}
    hasBin: true

  uglify-js@3.17.0:
    resolution: {integrity: sha512-aTeNPVmgIMPpm1cxXr2Q/nEbvkmV8yq66F3om7X3P/cvOXQ0TMQ64Wk63iyT1gPlmdmGzjGpyLh1f3y8MZWXGg==}
    engines: {node: '>=0.8.0'}
    hasBin: true

  undici-types@5.25.3:
    resolution: {integrity: sha512-Ga1jfYwRn7+cP9v8auvEXN1rX3sWqlayd4HP7OKk4mZWylEmu3KzXDUGrQUN6Ol7qo1gPvB2e5gX6udnyEPgdA==}

  validate-npm-package-license@3.0.4:
    resolution: {integrity: sha512-DpKm2Ui/xN7/HQKCtpZxoRWBhZ9Z0kqtygG8XCgNQ8ZlDnxuQmWhj566j8fN4Cu3/JmbhsDo7fcAJq4s9h27Ew==}

  walk-up-path@3.0.1:
    resolution: {integrity: sha512-9YlCL/ynK3CTlrSRrDxZvUauLzAswPCrsaCgilqFevUYpeEW0/3ScEjaa3kbW/T0ghhkEr7mv+fpjqn1Y1YuTA==}

  which@2.0.2:
    resolution: {integrity: sha512-BLI3Tl1TW3Pvl70l3yq3Y64i+awpwXqsGBYWkkqMtnbXgrMD+yj7rhW0kuEDxzJaYXGjEW5ogapKNMEKNMjibA==}
    engines: {node: '>= 8'}
    hasBin: true

  wordwrap@1.0.0:
    resolution: {integrity: sha512-gvVzJFlPycKc5dZN4yPkP8w7Dc37BtP1yczEneOb4uq34pXZcvrtRTmWV8W+Ume+XCxKgbjM+nevkyFPMybd4Q==}

  yallist@4.0.0:
    resolution: {integrity: sha512-3wdGidZyq5PB084XLES5TpOSRA3wjXAlIWMhum2kRcv/41Sn2emQ0dycQW4uZXLejwKvg6EsvbdlVL+FYEct7A==}

snapshots:

  '@biomejs/biome@1.7.0':
    optionalDependencies:
      '@biomejs/cli-darwin-arm64': 1.7.0
      '@biomejs/cli-darwin-x64': 1.7.0
      '@biomejs/cli-linux-arm64': 1.7.0
      '@biomejs/cli-linux-arm64-musl': 1.7.0
      '@biomejs/cli-linux-x64': 1.7.0
      '@biomejs/cli-linux-x64-musl': 1.7.0
      '@biomejs/cli-win32-arm64': 1.7.0
      '@biomejs/cli-win32-x64': 1.7.0

  '@biomejs/cli-darwin-arm64@1.7.0':
    optional: true

  '@biomejs/cli-darwin-x64@1.7.0':
    optional: true

  '@biomejs/cli-linux-arm64-musl@1.7.0':
    optional: true

  '@biomejs/cli-linux-arm64@1.7.0':
    optional: true

  '@biomejs/cli-linux-x64-musl@1.7.0':
    optional: true

  '@biomejs/cli-linux-x64@1.7.0':
    optional: true

  '@biomejs/cli-win32-arm64@1.7.0':
    optional: true

  '@biomejs/cli-win32-x64@1.7.0':
    optional: true

  '@brillout/picocolors@1.0.12': {}

  '@conventional-changelog/git-client@2.3.0(conventional-commits-filter@5.0.0)(conventional-commits-parser@6.1.0)':
    dependencies:
      semver: 7.5.4
    optionalDependencies:
      conventional-commits-filter: 5.0.0
      conventional-commits-parser: 6.1.0

  '@types/conventional-changelog-core@4.2.1':
    dependencies:
      '@types/conventional-changelog-writer': 4.0.1
      '@types/conventional-commits-parser': 3.0.2
      '@types/conventional-recommended-bump': 6.1.0
      '@types/git-raw-commits': 2.0.1
      '@types/node': 20.8.5
      '@types/normalize-package-data': 2.4.1

  '@types/conventional-changelog-writer@4.0.1':
    dependencies:
      '@types/conventional-commits-parser': 3.0.2
      '@types/node': 20.8.5

  '@types/conventional-changelog@3.1.3':
    dependencies:
      '@types/conventional-changelog-core': 4.2.1
      '@types/conventional-changelog-writer': 4.0.1
      '@types/conventional-commits-parser': 3.0.2
      '@types/node': 20.8.5

  '@types/conventional-commits-parser@3.0.2':
    dependencies:
      '@types/node': 20.8.5

  '@types/conventional-recommended-bump@6.1.0':
    dependencies:
      '@types/conventional-changelog-core': 4.2.1
      '@types/conventional-changelog-writer': 4.0.1
      '@types/conventional-commits-parser': 3.0.2

  '@types/git-raw-commits@2.0.1':
    dependencies:
      '@types/node': 20.8.5

  '@types/node@20.8.5':
    dependencies:
      undici-types: 5.25.3

  '@types/normalize-package-data@2.4.1': {}

  '@types/normalize-package-data@2.4.4': {}

  '@types/semver@7.5.3': {}

  commander@11.1.0: {}

  conventional-changelog-preset-loader@5.0.0: {}

  conventional-changelog-writer@8.1.0:
    dependencies:
      conventional-commits-filter: 5.0.0
      handlebars: 4.7.7
      meow: 13.2.0
      semver: 7.5.4

  conventional-changelog@7.0.2(conventional-commits-filter@5.0.0):
    dependencies:
      '@conventional-changelog/git-client': 2.3.0(conventional-commits-filter@5.0.0)(conventional-commits-parser@6.1.0)
      '@types/normalize-package-data': 2.4.4
      conventional-changelog-preset-loader: 5.0.0
      conventional-changelog-writer: 8.1.0
      conventional-commits-parser: 6.1.0
      fd-package-json: 1.2.0
      meow: 13.2.0
      normalize-package-data: 7.0.0
    transitivePeerDependencies:
      - conventional-commits-filter

  conventional-commits-filter@5.0.0: {}

  conventional-commits-parser@6.1.0:
    dependencies:
      meow: 13.2.0

  cross-spawn@7.0.3:
    dependencies:
      path-key: 3.1.1
      shebang-command: 2.0.0
      which: 2.0.2

  execa@5.1.1:
    dependencies:
      cross-spawn: 7.0.3
      get-stream: 6.0.1
      human-signals: 2.1.0
      is-stream: 2.0.1
      merge-stream: 2.0.0
      npm-run-path: 4.0.1
      onetime: 5.1.2
      signal-exit: 3.0.7
      strip-final-newline: 2.0.0

  fd-package-json@1.2.0:
    dependencies:
      walk-up-path: 3.0.1

  get-stream@6.0.1: {}

  handlebars@4.7.7:
    dependencies:
      minimist: 1.2.6
      neo-async: 2.6.2
      source-map: 0.6.1
      wordwrap: 1.0.0
    optionalDependencies:
      uglify-js: 3.17.0

  hosted-git-info@8.1.0:
    dependencies:
      lru-cache: 10.0.1

  human-signals@2.1.0: {}

  is-stream@2.0.1: {}

  isexe@2.0.0: {}

  lru-cache@10.0.1: {}

  lru-cache@6.0.0:
    dependencies:
      yallist: 4.0.0

  meow@13.2.0: {}

  merge-stream@2.0.0: {}

  mimic-fn@2.1.0: {}

  minimist@1.2.6: {}

  neo-async@2.6.2: {}

  normalize-package-data@7.0.0:
    dependencies:
      hosted-git-info: 8.1.0
      semver: 7.5.4
      validate-npm-package-license: 3.0.4

  npm-run-path@4.0.1:
    dependencies:
      path-key: 3.1.1

  onetime@5.1.2:
    dependencies:
      mimic-fn: 2.1.0

  path-key@3.1.1: {}

  prettier@2.8.8: {}

  semver@7.5.4:
    dependencies:
      lru-cache: 6.0.0

  shebang-command@2.0.0:
    dependencies:
      shebang-regex: 3.0.0

  shebang-regex@3.0.0: {}

  signal-exit@3.0.7: {}

  source-map@0.6.1: {}

  spdx-correct@3.1.1:
    dependencies:
      spdx-expression-parse: 3.0.1
      spdx-license-ids: 3.0.12

  spdx-exceptions@2.3.0: {}

  spdx-expression-parse@3.0.1:
    dependencies:
      spdx-exceptions: 2.3.0
      spdx-license-ids: 3.0.12

  spdx-license-ids@3.0.12: {}

  strip-final-newline@2.0.0: {}

  typescript@5.4.5: {}

  uglify-js@3.17.0:
    optional: true

  undici-types@5.25.3: {}

  validate-npm-package-license@3.0.4:
    dependencies:
      spdx-correct: 3.1.1
      spdx-expression-parse: 3.0.1

  walk-up-path@3.0.1: {}

  which@2.0.2:
    dependencies:
      isexe: 2.0.0

  wordwrap@1.0.0: {}

  yallist@4.0.0: {}
